// !$*UTF8*$!
{
	archiveVersion = 1;
	classes = {
	};
	objectVersion = 50;
	objects = {

/* Begin PBXBuildFile section */
		D4449E1F2483F73C0069847A /* AppDelegate.swift in Sources */ = {isa = PBXBuildFile; fileRef = D4449E1E2483F73C0069847A /* AppDelegate.swift */; };
		D4449E212483F73C0069847A /* SceneDelegate.swift in Sources */ = {isa = PBXBuildFile; fileRef = D4449E202483F73C0069847A /* SceneDelegate.swift */; };
		D4449E232483F73C0069847A /* ViewController.swift in Sources */ = {isa = PBXBuildFile; fileRef = D4449E222483F73C0069847A /* ViewController.swift */; };
		D4449E262483F73C0069847A /* Main.storyboard in Resources */ = {isa = PBXBuildFile; fileRef = D4449E242483F73C0069847A /* Main.storyboard */; };
		D4449E282483F73D0069847A /* Assets.xcassets in Resources */ = {isa = PBXBuildFile; fileRef = D4449E272483F73D0069847A /* Assets.xcassets */; };
		D4449E2B2483F73D0069847A /* LaunchScreen.storyboard in Resources */ = {isa = PBXBuildFile; fileRef = D4449E292483F73D0069847A /* LaunchScreen.storyboard */; };
		D4449E362483F73D0069847A /* SamplesTests.swift in Sources */ = {isa = PBXBuildFile; fileRef = D4449E352483F73D0069847A /* SamplesTests.swift */; };
		D4BDBD8B2483F80E00EBEFC4 /* Injectable.swift in Sources */ = {isa = PBXBuildFile; fileRef = D4BDBD8A2483F80E00EBEFC4 /* Injectable.swift */; };
		D4BDBDA32483F97B00EBEFC4 /* ResolveInput.swift in Sources */ = {isa = PBXBuildFile; fileRef = D4BDBDA22483F97B00EBEFC4 /* ResolveInput.swift */; };
		D4BDBDA52483FA8E00EBEFC4 /* Resolve.generated.swift in Sources */ = {isa = PBXBuildFile; fileRef = D4BDBDA42483FA8E00EBEFC4 /* Resolve.generated.swift */; };
/* End PBXBuildFile section */

/* Begin PBXContainerItemProxy section */
		D4449E322483F73D0069847A /* PBXContainerItemProxy */ = {
			isa = PBXContainerItemProxy;
			containerPortal = D4449E132483F73C0069847A /* Project object */;
			proxyType = 1;
			remoteGlobalIDString = D4449E1A2483F73C0069847A;
			remoteInfo = Samples;
		};
/* End PBXContainerItemProxy section */

/* Begin PBXFileReference section */
		D4449E1B2483F73C0069847A /* Samples.app */ = {isa = PBXFileReference; explicitFileType = wrapper.application; includeInIndex = 0; path = Samples.app; sourceTree = BUILT_PRODUCTS_DIR; };
		D4449E1E2483F73C0069847A /* AppDelegate.swift */ = {isa = PBXFileReference; lastKnownFileType = sourcecode.swift; path = AppDelegate.swift; sourceTree = "<group>"; };
		D4449E202483F73C0069847A /* SceneDelegate.swift */ = {isa = PBXFileReference; lastKnownFileType = sourcecode.swift; path = SceneDelegate.swift; sourceTree = "<group>"; };
		D4449E222483F73C0069847A /* ViewController.swift */ = {isa = PBXFileReference; lastKnownFileType = sourcecode.swift; path = ViewController.swift; sourceTree = "<group>"; };
		D4449E252483F73C0069847A /* Base */ = {isa = PBXFileReference; lastKnownFileType = file.storyboard; name = Base; path = Base.lproj/Main.storyboard; sourceTree = "<group>"; };
		D4449E272483F73D0069847A /* Assets.xcassets */ = {isa = PBXFileReference; lastKnownFileType = folder.assetcatalog; path = Assets.xcassets; sourceTree = "<group>"; };
		D4449E2A2483F73D0069847A /* Base */ = {isa = PBXFileReference; lastKnownFileType = file.storyboard; name = Base; path = Base.lproj/LaunchScreen.storyboard; sourceTree = "<group>"; };
		D4449E2C2483F73D0069847A /* Info.plist */ = {isa = PBXFileReference; lastKnownFileType = text.plist.xml; path = Info.plist; sourceTree = "<group>"; };
		D4449E312483F73D0069847A /* SamplesTests.xctest */ = {isa = PBXFileReference; explicitFileType = wrapper.cfbundle; includeInIndex = 0; path = SamplesTests.xctest; sourceTree = BUILT_PRODUCTS_DIR; };
		D4449E352483F73D0069847A /* SamplesTests.swift */ = {isa = PBXFileReference; lastKnownFileType = sourcecode.swift; path = SamplesTests.swift; sourceTree = "<group>"; };
		D4449E372483F73D0069847A /* Info.plist */ = {isa = PBXFileReference; lastKnownFileType = text.plist.xml; path = Info.plist; sourceTree = "<group>"; };
		D4BDBD8A2483F80E00EBEFC4 /* Injectable.swift */ = {isa = PBXFileReference; lastKnownFileType = sourcecode.swift; path = Injectable.swift; sourceTree = "<group>"; };
		D4BDBDA22483F97B00EBEFC4 /* ResolveInput.swift */ = {isa = PBXFileReference; lastKnownFileType = sourcecode.swift; path = ResolveInput.swift; sourceTree = "<group>"; };
		D4BDBDA42483FA8E00EBEFC4 /* Resolve.generated.swift */ = {isa = PBXFileReference; lastKnownFileType = sourcecode.swift; path = Resolve.generated.swift; sourceTree = "<group>"; };
/* End PBXFileReference section */

/* Begin PBXFrameworksBuildPhase section */
		D4449E182483F73C0069847A /* Frameworks */ = {
			isa = PBXFrameworksBuildPhase;
			buildActionMask = 2147483647;
			files = (
			);
			runOnlyForDeploymentPostprocessing = 0;
		};
		D4449E2E2483F73D0069847A /* Frameworks */ = {
			isa = PBXFrameworksBuildPhase;
			buildActionMask = 2147483647;
			files = (
			);
			runOnlyForDeploymentPostprocessing = 0;
		};
/* End PBXFrameworksBuildPhase section */

/* Begin PBXGroup section */
		D4449E122483F73C0069847A = {
			isa = PBXGroup;
			children = (
				D4449E1D2483F73C0069847A /* Samples */,
				D4449E342483F73D0069847A /* SamplesTests */,
				D4449E1C2483F73C0069847A /* Products */,
			);
			sourceTree = "<group>";
		};
		D4449E1C2483F73C0069847A /* Products */ = {
			isa = PBXGroup;
			children = (
				D4449E1B2483F73C0069847A /* Samples.app */,
				D4449E312483F73D0069847A /* SamplesTests.xctest */,
			);
			name = Products;
			sourceTree = "<group>";
		};
		D4449E1D2483F73C0069847A /* Samples */ = {
			isa = PBXGroup;
			children = (
				D4BDBDA12483F97400EBEFC4 /* Resolve */,
				D4449E1E2483F73C0069847A /* AppDelegate.swift */,
				D4449E202483F73C0069847A /* SceneDelegate.swift */,
				D4449E222483F73C0069847A /* ViewController.swift */,
				D4449E242483F73C0069847A /* Main.storyboard */,
				D4449E272483F73D0069847A /* Assets.xcassets */,
				D4449E292483F73D0069847A /* LaunchScreen.storyboard */,
				D4449E2C2483F73D0069847A /* Info.plist */,
				D4BDBD8A2483F80E00EBEFC4 /* Injectable.swift */,
			);
			path = Samples;
			sourceTree = "<group>";
		};
		D4449E342483F73D0069847A /* SamplesTests */ = {
			isa = PBXGroup;
			children = (
				D4449E352483F73D0069847A /* SamplesTests.swift */,
				D4449E372483F73D0069847A /* Info.plist */,
			);
			path = SamplesTests;
			sourceTree = "<group>";
		};
		D4BDBDA12483F97400EBEFC4 /* Resolve */ = {
			isa = PBXGroup;
			children = (
				D4BDBDA22483F97B00EBEFC4 /* ResolveInput.swift */,
				D4BDBDA42483FA8E00EBEFC4 /* Resolve.generated.swift */,
			);
			path = Resolve;
			sourceTree = "<group>";
		};
/* End PBXGroup section */

/* Begin PBXNativeTarget section */
		D4449E1A2483F73C0069847A /* Samples */ = {
			isa = PBXNativeTarget;
			buildConfigurationList = D4449E3A2483F73D0069847A /* Build configuration list for PBXNativeTarget "Samples" */;
			buildPhases = (
				D4449E172483F73C0069847A /* Sources */,
				D4449E182483F73C0069847A /* Frameworks */,
				D4449E192483F73C0069847A /* Resources */,
			);
			buildRules = (
			);
			dependencies = (
			);
			name = Samples;
			productName = Samples;
			productReference = D4449E1B2483F73C0069847A /* Samples.app */;
			productType = "com.apple.product-type.application";
		};
		D4449E302483F73D0069847A /* SamplesTests */ = {
			isa = PBXNativeTarget;
			buildConfigurationList = D4449E3D2483F73D0069847A /* Build configuration list for PBXNativeTarget "SamplesTests" */;
			buildPhases = (
				D4449E2D2483F73D0069847A /* Sources */,
				D4449E2E2483F73D0069847A /* Frameworks */,
				D4449E2F2483F73D0069847A /* Resources */,
			);
			buildRules = (
			);
			dependencies = (
				D4449E332483F73D0069847A /* PBXTargetDependency */,
			);
			name = SamplesTests;
			productName = SamplesTests;
			productReference = D4449E312483F73D0069847A /* SamplesTests.xctest */;
			productType = "com.apple.product-type.bundle.unit-test";
		};
/* End PBXNativeTarget section */

/* Begin PBXProject section */
		D4449E132483F73C0069847A /* Project object */ = {
			isa = PBXProject;
			attributes = {
				LastSwiftUpdateCheck = 1130;
				LastUpgradeCheck = 1130;
				ORGANIZATIONNAME = "Shinji Kurosawa";
				TargetAttributes = {
					D4449E1A2483F73C0069847A = {
						CreatedOnToolsVersion = 11.3;
					};
					D4449E302483F73D0069847A = {
						CreatedOnToolsVersion = 11.3;
						TestTargetID = D4449E1A2483F73C0069847A;
					};
				};
			};
			buildConfigurationList = D4449E162483F73C0069847A /* Build configuration list for PBXProject "Samples" */;
			compatibilityVersion = "Xcode 9.3";
			developmentRegion = en;
			hasScannedForEncodings = 0;
			knownRegions = (
				en,
				Base,
			);
			mainGroup = D4449E122483F73C0069847A;
			productRefGroup = D4449E1C2483F73C0069847A /* Products */;
			projectDirPath = "";
			projectRoot = "";
			targets = (
				D4449E1A2483F73C0069847A /* Samples */,
				D4449E302483F73D0069847A /* SamplesTests */,
			);
		};
/* End PBXProject section */

/* Begin PBXResourcesBuildPhase section */
		D4449E192483F73C0069847A /* Resources */ = {
			isa = PBXResourcesBuildPhase;
			buildActionMask = 2147483647;
			files = (
				D4449E2B2483F73D0069847A /* LaunchScreen.storyboard in Resources */,
				D4449E282483F73D0069847A /* Assets.xcassets in Resources */,
				D4449E262483F73C0069847A /* Main.storyboard in Resources */,
			);
			runOnlyForDeploymentPostprocessing = 0;
		};
		D4449E2F2483F73D0069847A /* Resources */ = {
			isa = PBXResourcesBuildPhase;
			buildActionMask = 2147483647;
			files = (
			);
			runOnlyForDeploymentPostprocessing = 0;
		};
/* End PBXResourcesBuildPhase section */

/* Begin PBXSourcesBuildPhase section */
		D4449E172483F73C0069847A /* Sources */ = {
			isa = PBXSourcesBuildPhase;
			buildActionMask = 2147483647;
			files = (
				D4BDBDA32483F97B00EBEFC4 /* ResolveInput.swift in Sources */,
				D4449E232483F73C0069847A /* ViewController.swift in Sources */,
				D4449E1F2483F73C0069847A /* AppDelegate.swift in Sources */,
				D4BDBDA52483FA8E00EBEFC4 /* Resolve.generated.swift in Sources */,
				D4449E212483F73C0069847A /* SceneDelegate.swift in Sources */,
				D4BDBD8B2483F80E00EBEFC4 /* Injectable.swift in Sources */,
			);
			runOnlyForDeploymentPostprocessing = 0;
		};
		D4449E2D2483F73D0069847A /* Sources */ = {
			isa = PBXSourcesBuildPhase;
			buildActionMask = 2147483647;
			files = (
				D4449E362483F73D0069847A /* SamplesTests.swift in Sources */,
			);
			runOnlyForDeploymentPostprocessing = 0;
		};
/* End PBXSourcesBuildPhase section */

/* Begin PBXTargetDependency section */
		D4449E332483F73D0069847A /* PBXTargetDependency */ = {
			isa = PBXTargetDependency;
			target = D4449E1A2483F73C0069847A /* Samples */;
			targetProxy = D4449E322483F73D0069847A /* PBXContainerItemProxy */;
		};
/* End PBXTargetDependency section */

/* Begin PBXVariantGroup section */
		D4449E242483F73C0069847A /* Main.storyboard */ = {
			isa = PBXVariantGroup;
			children = (
				D4449E252483F73C0069847A /* Base */,
			);
			name = Main.storyboard;
			sourceTree = "<group>";
		};
		D4449E292483F73D0069847A /* LaunchScreen.storyboard */ = {
			isa = PBXVariantGroup;
			children = (
				D4449E2A2483F73D0069847A /* Base */,
			);
			name = LaunchScreen.storyboard;
			sourceTree = "<group>";
		};
/* End PBXVariantGroup section */

/* Begin XCBuildConfiguration section */
		D4449E382483F73D0069847A /* Debug */ = {
			isa = XCBuildConfiguration;
			buildSettings = {
				ALWAYS_SEARCH_USER_PATHS = NO;
				CLANG_ANALYZER_NONNULL = YES;
				CLANG_ANALYZER_NUMBER_OBJECT_CONVERSION = YES_AGGRESSIVE;
				CLANG_CXX_LANGUAGE_STANDARD = "gnu++14";
				CLANG_CXX_LIBRARY = "libc++";
				CLANG_ENABLE_MODULES = YES;
				CLANG_ENABLE_OBJC_ARC = YES;
				CLANG_ENABLE_OBJC_WEAK = YES;
				CLANG_WARN_BLOCK_CAPTURE_AUTORELEASING = YES;
				CLANG_WARN_BOOL_CONVERSION = YES;
				CLANG_WARN_COMMA = YES;
				CLANG_WARN_CONSTANT_CONVERSION = YES;
				CLANG_WARN_DEPRECATED_OBJC_IMPLEMENTATIONS = YES;
				CLANG_WARN_DIRECT_OBJC_ISA_USAGE = YES_ERROR;
				CLANG_WARN_DOCUMENTATION_COMMENTS = YES;
				CLANG_WARN_EMPTY_BODY = YES;
				CLANG_WARN_ENUM_CONVERSION = YES;
				CLANG_WARN_INFINITE_RECURSION = YES;
				CLANG_WARN_INT_CONVERSION = YES;
				CLANG_WARN_NON_LITERAL_NULL_CONVERSION = YES;
				CLANG_WARN_OBJC_IMPLICIT_RETAIN_SELF = YES;
				CLANG_WARN_OBJC_LITERAL_CONVERSION = YES;
				CLANG_WARN_OBJC_ROOT_CLASS = YES_ERROR;
				CLANG_WARN_RANGE_LOOP_ANALYSIS = YES;
				CLANG_WARN_STRICT_PROTOTYPES = YES;
				CLANG_WARN_SUSPICIOUS_MOVE = YES;
				CLANG_WARN_UNGUARDED_AVAILABILITY = YES_AGGRESSIVE;
				CLANG_WARN_UNREACHABLE_CODE = YES;
				CLANG_WARN__DUPLICATE_METHOD_MATCH = YES;
				COPY_PHASE_STRIP = NO;
				DEBUG_INFORMATION_FORMAT = dwarf;
				ENABLE_STRICT_OBJC_MSGSEND = YES;
				ENABLE_TESTABILITY = YES;
				GCC_C_LANGUAGE_STANDARD = gnu11;
				GCC_DYNAMIC_NO_PIC = NO;
				GCC_NO_COMMON_BLOCKS = YES;
				GCC_OPTIMIZATION_LEVEL = 0;
				GCC_PREPROCESSOR_DEFINITIONS = (
					"DEBUG=1",
					"$(inherited)",
				);
				GCC_WARN_64_TO_32_BIT_CONVERSION = YES;
				GCC_WARN_ABOUT_RETURN_TYPE = YES_ERROR;
				GCC_WARN_UNDECLARED_SELECTOR = YES;
				GCC_WARN_UNINITIALIZED_AUTOS = YES_AGGRESSIVE;
				GCC_WARN_UNUSED_FUNCTION = YES;
				GCC_WARN_UNUSED_VARIABLE = YES;
				IPHONEOS_DEPLOYMENT_TARGET = 13.2;
				MTL_ENABLE_DEBUG_INFO = INCLUDE_SOURCE;
				MTL_FAST_MATH = YES;
				ONLY_ACTIVE_ARCH = YES;
				SDKROOT = iphoneos;
				SWIFT_ACTIVE_COMPILATION_CONDITIONS = DEBUG;
				SWIFT_OPTIMIZATION_LEVEL = "-Onone";
			};
			name = Debug;
		};
		D4449E392483F73D0069847A /* Release */ = {
			isa = XCBuildConfiguration;
			buildSettings = {
				ALWAYS_SEARCH_USER_PATHS = NO;
				CLANG_ANALYZER_NONNULL = YES;
				CLANG_ANALYZER_NUMBER_OBJECT_CONVERSION = YES_AGGRESSIVE;
				CLANG_CXX_LANGUAGE_STANDARD = "gnu++14";
				CLANG_CXX_LIBRARY = "libc++";
				CLANG_ENABLE_MODULES = YES;
				CLANG_ENABLE_OBJC_ARC = YES;
				CLANG_ENABLE_OBJC_WEAK = YES;
				CLANG_WARN_BLOCK_CAPTURE_AUTORELEASING = YES;
				CLANG_WARN_BOOL_CONVERSION = YES;
				CLANG_WARN_COMMA = YES;
				CLANG_WARN_CONSTANT_CONVERSION = YES;
				CLANG_WARN_DEPRECATED_OBJC_IMPLEMENTATIONS = YES;
				CLANG_WARN_DIRECT_OBJC_ISA_USAGE = YES_ERROR;
				CLANG_WARN_DOCUMENTATION_COMMENTS = YES;
				CLANG_WARN_EMPTY_BODY = YES;
				CLANG_WARN_ENUM_CONVERSION = YES;
				CLANG_WARN_INFINITE_RECURSION = YES;
				CLANG_WARN_INT_CONVERSION = YES;
				CLANG_WARN_NON_LITERAL_NULL_CONVERSION = YES;
				CLANG_WARN_OBJC_IMPLICIT_RETAIN_SELF = YES;
				CLANG_WARN_OBJC_LITERAL_CONVERSION = YES;
				CLANG_WARN_OBJC_ROOT_CLASS = YES_ERROR;
				CLANG_WARN_RANGE_LOOP_ANALYSIS = YES;
				CLANG_WARN_STRICT_PROTOTYPES = YES;
				CLANG_WARN_SUSPICIOUS_MOVE = YES;
				CLANG_WARN_UNGUARDED_AVAILABILITY = YES_AGGRESSIVE;
				CLANG_WARN_UNREACHABLE_CODE = YES;
				CLANG_WARN__DUPLICATE_METHOD_MATCH = YES;
				COPY_PHASE_STRIP = NO;
				DEBUG_INFORMATION_FORMAT = "dwarf-with-dsym";
				ENABLE_NS_ASSERTIONS = NO;
				ENABLE_STRICT_OBJC_MSGSEND = YES;
				GCC_C_LANGUAGE_STANDARD = gnu11;
				GCC_NO_COMMON_BLOCKS = YES;
				GCC_WARN_64_TO_32_BIT_CONVERSION = YES;
				GCC_WARN_ABOUT_RETURN_TYPE = YES_ERROR;
				GCC_WARN_UNDECLARED_SELECTOR = YES;
				GCC_WARN_UNINITIALIZED_AUTOS = YES_AGGRESSIVE;
				GCC_WARN_UNUSED_FUNCTION = YES;
				GCC_WARN_UNUSED_VARIABLE = YES;
				IPHONEOS_DEPLOYMENT_TARGET = 13.2;
				MTL_ENABLE_DEBUG_INFO = NO;
				MTL_FAST_MATH = YES;
				SDKROOT = iphoneos;
				SWIFT_COMPILATION_MODE = wholemodule;
				SWIFT_OPTIMIZATION_LEVEL = "-O";
				VALIDATE_PRODUCT = YES;
			};
			name = Release;
		};
		D4449E3B2483F73D0069847A /* Debug */ = {
			isa = XCBuildConfiguration;
			buildSettings = {
				ASSETCATALOG_COMPILER_APPICON_NAME = AppIcon;
				CODE_SIGN_STYLE = Automatic;
				DEVELOPMENT_TEAM = S7D5HM735C;
				INFOPLIST_FILE = Samples/Info.plist;
				LD_RUNPATH_SEARCH_PATHS = (
					"$(inherited)",
					"@executable_path/Frameworks",
				);
				PRODUCT_BUNDLE_IDENTIFIER = com.46kuro.Samples;
				PRODUCT_NAME = "$(TARGET_NAME)";
				SWIFT_VERSION = 5.0;
				TARGETED_DEVICE_FAMILY = "1,2";
			};
			name = Debug;
		};
		D4449E3C2483F73D0069847A /* Release */ = {
			isa = XCBuildConfiguration;
			buildSettings = {
				ASSETCATALOG_COMPILER_APPICON_NAME = AppIcon;
				CODE_SIGN_STYLE = Automatic;
				DEVELOPMENT_TEAM = S7D5HM735C;
				INFOPLIST_FILE = Samples/Info.plist;
				LD_RUNPATH_SEARCH_PATHS = (
					"$(inherited)",
					"@executable_path/Frameworks",
				);
				PRODUCT_BUNDLE_IDENTIFIER = com.46kuro.Samples;
				PRODUCT_NAME = "$(TARGET_NAME)";
				SWIFT_VERSION = 5.0;
				TARGETED_DEVICE_FAMILY = "1,2";
			};
			name = Release;
		};
		D4449E3E2483F73D0069847A /* Debug */ = {
			isa = XCBuildConfiguration;
			buildSettings = {
				ALWAYS_EMBED_SWIFT_STANDARD_LIBRARIES = YES;
				BUNDLE_LOADER = "$(TEST_HOST)";
				CODE_SIGN_STYLE = Automatic;
				DEVELOPMENT_TEAM = S7D5HM735C;
				INFOPLIST_FILE = SamplesTests/Info.plist;
				IPHONEOS_DEPLOYMENT_TARGET = 13.2;
				LD_RUNPATH_SEARCH_PATHS = (
					"$(inherited)",
					"@executable_path/Frameworks",
					"@loader_path/Frameworks",
				);
				PRODUCT_BUNDLE_IDENTIFIER = com.46kuro.SamplesTests;
				PRODUCT_NAME = "$(TARGET_NAME)";
				SWIFT_VERSION = 5.0;
				TARGETED_DEVICE_FAMILY = "1,2";
				TEST_HOST = "$(BUILT_PRODUCTS_DIR)/Samples.app/Samples";
			};
			name = Debug;
		};
		D4449E3F2483F73D0069847A /* Release */ = {
			isa = XCBuildConfiguration;
			buildSettings = {
				ALWAYS_EMBED_SWIFT_STANDARD_LIBRARIES = YES;
				BUNDLE_LOADER = "$(TEST_HOST)";
				CODE_SIGN_STYLE = Automatic;
				DEVELOPMENT_TEAM = S7D5HM735C;
				INFOPLIST_FILE = SamplesTests/Info.plist;
				IPHONEOS_DEPLOYMENT_TARGET = 13.2;
				LD_RUNPATH_SEARCH_PATHS = (
					"$(inherited)",
					"@executable_path/Frameworks",
					"@loader_path/Frameworks",
				);
				PRODUCT_BUNDLE_IDENTIFIER = com.46kuro.SamplesTests;
				PRODUCT_NAME = "$(TARGET_NAME)";
				SWIFT_VERSION = 5.0;
				TARGETED_DEVICE_FAMILY = "1,2";
				TEST_HOST = "$(BUILT_PRODUCTS_DIR)/Samples.app/Samples";
			};
			name = Release;
		};
/* End XCBuildConfiguration section */

/* Begin XCConfigurationList section */
		D4449E162483F73C0069847A /* Build configuration list for PBXProject "Samples" */ = {
			isa = XCConfigurationList;
			buildConfigurations = (
				D4449E382483F73D0069847A /* Debug */,
				D4449E392483F73D0069847A /* Release */,
			);
			defaultConfigurationIsVisible = 0;
			defaultConfigurationName = Release;
		};
		D4449E3A2483F73D0069847A /* Build configuration list for PBXNativeTarget "Samples" */ = {
			isa = XCConfigurationList;
			buildConfigurations = (
				D4449E3B2483F73D0069847A /* Debug */,
				D4449E3C2483F73D0069847A /* Release */,
			);
			defaultConfigurationIsVisible = 0;
			defaultConfigurationName = Release;
		};
		D4449E3D2483F73D0069847A /* Build configuration list for PBXNativeTarget "SamplesTests" */ = {
			isa = XCConfigurationList;
			buildConfigurations = (
				D4449E3E2483F73D0069847A /* Debug */,
				D4449E3F2483F73D0069847A /* Release */,
			);
			defaultConfigurationIsVisible = 0;
			defaultConfigurationName = Release;
		};
/* End XCConfigurationList section */
	};
	rootObject = D4449E132483F73C0069847A /* Project object */;
}
