{
  "object": {
    "pins": [
      {
        "package": "Commandant",
        "repositoryURL": "https://github.com/Carthage/Commandant.git",
        "state": {
          "branch": null,
          "revision": "ab68611013dec67413628ac87c1f29e8427bc8e4",
          "version": "0.17.0"
        }
      },
      {
        "package": "Commander",
        "repositoryURL": "https://github.com/kylef/Commander.git",
        "state": {
          "branch": null,
          "revision": "4b6133c3071d521489a80c38fb92d7983f19d438",
          "version": "0.9.1"
        }
      },
      {
        "package": "Nimble",
        "repositoryURL": "https://github.com/Quick/Nimble.git",
        "state": {
          "branch": null,
          "revision": "72f5a90d573f7f7d70aa6b8ad84b3e1e02eabb4d",
          "version": "8.0.9"
        }
      },
      {
        "package": "Quick",
        "repositoryURL": "https://github.com/Quick/Quick.git",
        "state": {
          "branch": null,
          "revision": "33682c2f6230c60614861dfc61df267e11a1602f",
          "version": "2.2.0"
        }
      },
      {
        "package": "SourceKitten",
        "repositoryURL": "https://github.com/jpsim/SourceKitten.git",
        "state": {
          "branch": null,
          "revision": "77a4dbbb477a8110eb8765e3c44c70fb4929098f",
          "version": "0.29.0"
        }
      },
      {
        "package": "Spectre",
        "repositoryURL": "https://github.com/kylef/Spectre.git",
        "state": {
          "branch": null,
          "revision": "f14ff47f45642aa5703900980b014c2e9394b6e5",
          "version": "0.9.0"
        }
      },
      {
        "package": "SWXMLHash",
        "repositoryURL": "https://github.com/drmohundro/SWXMLHash.git",
        "state": {
          "branch": null,
          "revision": "a4931e5c3bafbedeb1601d3bb76bbe835c6d475a",
          "version": "5.0.1"
        }
      },
      {
        "package": "Yams",
        "repositoryURL": "https://github.com/jpsim/Yams.git",
        "state": {
          "branch": null,
          "revision": "c947a306d2e80ecb2c0859047b35c73b8e1ca27f",
          "version": "2.0.0"
        }
      }
    ]
  },
  "version": 1
}
